<?xml version="1.0" encoding="UTF-8"?>
<Scheme
   version = "1.3">
   <BuildAction>
      <BuildActionEntries>
         <BuildActionEntry
            buildForRunning = "YES">
            <BuildableReference
               BuildableIdentifier = "primary"
               BlueprintIdentifier = "94C5C9DE2887EAA20099A9A7"
               BuildableName = "Spectrogram.app"
               BlueprintName = "Spectrogram"
               ReferencedContainer = "container:Spectrogram.xcodeproj">
            </BuildableReference>
         </BuildActionEntry>
      </BuildActionEntries>
   </BuildAction>
   <LaunchAction
      useCustomWorkingDirectory = "NO"
      buildConfiguration = "Debug"
      allowLocationSimulation = "YES">
      <BuildableProductRunnable>
         <BuildableReference
            BuildableIdentifier = "primary"
            BlueprintIdentifier = "94C5C9DE2887EAA20099A9A7"
            BuildableName = "Spectrogram.app"
            BlueprintName = "Spectrogram"
            ReferencedContainer = "container:Spectrogram.xcodeproj">
         </BuildableReference>
      </BuildableProductRunnable>
   </LaunchAction>
</Scheme>
